
Microsoft Visual Studio Solution File, Format Version 12.00
# Visual Studio Version 17
VisualStudioVersion = 17.10.35201.131
MinimumVisualStudioVersion = 10.0.40219.1
Project("{9A19103F-16F7-4668-BE54-9A1E7A4F7556}") = "CA2", "CA2\CA2.csproj", "{4AE72C1B-7861-4663-8E39-A0F0FE673E98}"
EndProject
Project("{9A19103F-16F7-4668-BE54-9A1E7A4F7556}") = "CA2.Tests", "CA2.Tests\CA2.Tests.csproj", "{8368DE00-5F0D-486B-9656-60D0F3D09BEB}"
EndProject
Project("{9A19103F-16F7-4668-BE54-9A1E7A4F7556}") = "GeneratorLibrary", "GeneratorLibrary\GeneratorLibrary.csproj", "{DDCF59FD-BD6F-4894-99BD-2B78FF9C896E}"
EndProject
Project("{2150E333-8FDC-42A3-9474-1A3956D46DE8}") = "MiscFiles", "MiscFiles", "{F1F4EB0D-AE37-462E-A06A-FA91C0AC4BAA}"
	ProjectSection(SolutionItems) = preProject
		.editorconfig = .editorconfig
		.gitignore = .gitignore
		CA2.sln.DotSettings.user = CA2.sln.DotSettings.user
		global.json = global.json
	EndProjectSection
EndProject
Project("{FAE04EC0-301F-11D3-BF4B-00C04F79EFBC}") = "RandomCsvGenerator", "RandomCsvGenerator\RandomCsvGenerator.csproj", "{71858DEB-7EB7-419F-9933-604855677EA6}"
EndProject
Global
	GlobalSection(SolutionConfigurationPlatforms) = preSolution
		Debug|Any CPU = Debug|Any CPU
		Release|Any CPU = Release|Any CPU
	EndGlobalSection
	GlobalSection(ProjectConfigurationPlatforms) = postSolution
		{4AE72C1B-7861-4663-8E39-A0F0FE673E98}.Debug|Any CPU.ActiveCfg = Debug|Any CPU
		{4AE72C1B-7861-4663-8E39-A0F0FE673E98}.Debug|Any CPU.Build.0 = Debug|Any CPU
		{4AE72C1B-7861-4663-8E39-A0F0FE673E98}.Release|Any CPU.ActiveCfg = Release|Any CPU
		{4AE72C1B-7861-4663-8E39-A0F0FE673E98}.Release|Any CPU.Build.0 = Release|Any CPU
		{8368DE00-5F0D-486B-9656-60D0F3D09BEB}.Debug|Any CPU.ActiveCfg = Debug|Any CPU
		{8368DE00-5F0D-486B-9656-60D0F3D09BEB}.Debug|Any CPU.Build.0 = Debug|Any CPU
		{8368DE00-5F0D-486B-9656-60D0F3D09BEB}.Release|Any CPU.ActiveCfg = Release|Any CPU
		{8368DE00-5F0D-486B-9656-60D0F3D09BEB}.Release|Any CPU.Build.0 = Release|Any CPU
		{DDCF59FD-BD6F-4894-99BD-2B78FF9C896E}.Debug|Any CPU.ActiveCfg = Debug|Any CPU
		{DDCF59FD-BD6F-4894-99BD-2B78FF9C896E}.Debug|Any CPU.Build.0 = Debug|Any CPU
		{DDCF59FD-BD6F-4894-99BD-2B78FF9C896E}.Release|Any CPU.ActiveCfg = Release|Any CPU
		{DDCF59FD-BD6F-4894-99BD-2B78FF9C896E}.Release|Any CPU.Build.0 = Release|Any CPU
		{71858DEB-7EB7-419F-9933-604855677EA6}.Debug|Any CPU.ActiveCfg = Debug|Any CPU
		{71858DEB-7EB7-419F-9933-604855677EA6}.Debug|Any CPU.Build.0 = Debug|Any CPU
		{71858DEB-7EB7-419F-9933-604855677EA6}.Release|Any CPU.ActiveCfg = Release|Any CPU
		{71858DEB-7EB7-419F-9933-604855677EA6}.Release|Any CPU.Build.0 = Release|Any CPU
	EndGlobalSection
	GlobalSection(SolutionProperties) = preSolution
		HideSolutionNode = FALSE
	EndGlobalSection
	GlobalSection(ExtensibilityGlobals) = postSolution
		SolutionGuid = {BD7D2D18-DD95-4EA3-B6C5-0937F17F78EE}
	EndGlobalSection
EndGlobal
